// !$*UTF8*$!
{
	archiveVersion = 1;
	classes = {
	};
	objectVersion = 46;
	objects = {

/* Begin PBXBuildFile section */
		2F81E30B1F3B99AE00FB3BBC /* Taste.IN in CopyFiles */ = {isa = PBXBuildFile; fileRef = 2F81E30A1F3B99A500FB3BBC /* Taste.IN */; };
		2F81E30D1F3B99D400FB3BBC /* Test.TAS in CopyFiles */ = {isa = PBXBuildFile; fileRef = 2F81E30C1F3B99CD00FB3BBC /* Test.TAS */; };
		2FBAB0D01F39E2D1005180B1 /* main.swift in Sources */ = {isa = PBXBuildFile; fileRef = 2FBAB0CF1F39E2D1005180B1 /* main.swift */; };
		2FBAB0D81F39E42E005180B1 /* SymTab.swift in Sources */ = {isa = PBXBuildFile; fileRef = 2FBAB0D71F39E42E005180B1 /* SymTab.swift */; };
		2FBAB0DE1F3A05F9005180B1 /* CodeGen.swift in Sources */ = {isa = PBXBuildFile; fileRef = 2FBAB0DD1F3A05F9005180B1 /* CodeGen.swift */; };
		2FBAB0E41F3A4AFD005180B1 /* String+Char.swift in Sources */ = {isa = PBXBuildFile; fileRef = 2FBAB0E31F3A4AFD005180B1 /* String+Char.swift */; };
		477BFB921F3C648900A3D79E /* Scanner.swift in Sources */ = {isa = PBXBuildFile; fileRef = 477BFB901F3C648900A3D79E /* Scanner.swift */; };
		477BFB951F3C6E6B00A3D79E /* Parser.swift in Sources */ = {isa = PBXBuildFile; fileRef = 477BFB941F3C6E6B00A3D79E /* Parser.swift */; };
/* End PBXBuildFile section */

/* Begin PBXCopyFilesBuildPhase section */
		2FBAB0CA1F39E2D1005180B1 /* CopyFiles */ = {
			isa = PBXCopyFilesBuildPhase;
			buildActionMask = 12;
			dstPath = "";
			dstSubfolderSpec = 16;
			files = (
				2F81E30D1F3B99D400FB3BBC /* Test.TAS in CopyFiles */,
				2F81E30B1F3B99AE00FB3BBC /* Taste.IN in CopyFiles */,
			);
			runOnlyForDeploymentPostprocessing = 0;
		};
/* End PBXCopyFilesBuildPhase section */

/* Begin PBXFileReference section */
		2F81E30A1F3B99A500FB3BBC /* Taste.IN */ = {isa = PBXFileReference; lastKnownFileType = text; path = Taste.IN; sourceTree = "<group>"; };
		2F81E30C1F3B99CD00FB3BBC /* Test.TAS */ = {isa = PBXFileReference; lastKnownFileType = text; path = Test.TAS; sourceTree = "<group>"; };
		2F81E30F1F3BABCD00FB3BBC /* mod2.atg */ = {isa = PBXFileReference; lastKnownFileType = text; path = mod2.atg; sourceTree = "<group>"; };
		2FBAB0CC1F39E2D1005180B1 /* Taste */ = {isa = PBXFileReference; explicitFileType = "compiled.mach-o.executable"; includeInIndex = 0; path = Taste; sourceTree = BUILT_PRODUCTS_DIR; };
		2FBAB0CF1F39E2D1005180B1 /* main.swift */ = {isa = PBXFileReference; lastKnownFileType = sourcecode.swift; path = main.swift; sourceTree = "<group>"; };
		2FBAB0D61F39E2F7005180B1 /* taste.atg */ = {isa = PBXFileReference; lastKnownFileType = text; path = taste.atg; sourceTree = "<group>"; };
		2FBAB0D71F39E42E005180B1 /* SymTab.swift */ = {isa = PBXFileReference; fileEncoding = 4; lastKnownFileType = sourcecode.swift; path = SymTab.swift; sourceTree = "<group>"; };
		2FBAB0DD1F3A05F9005180B1 /* CodeGen.swift */ = {isa = PBXFileReference; fileEncoding = 4; lastKnownFileType = sourcecode.swift; path = CodeGen.swift; sourceTree = "<group>"; };
		2FBAB0E31F3A4AFD005180B1 /* String+Char.swift */ = {isa = PBXFileReference; fileEncoding = 4; lastKnownFileType = sourcecode.swift; path = "String+Char.swift"; sourceTree = "<group>"; };
		477BFB8D1F3C643900A3D79E /* Scanner.frame */ = {isa = PBXFileReference; lastKnownFileType = text; path = Scanner.frame; sourceTree = "<group>"; };
		477BFB8E1F3C644400A3D79E /* Copyright.frame */ = {isa = PBXFileReference; lastKnownFileType = text; path = Copyright.frame; sourceTree = "<group>"; };
		477BFB901F3C648900A3D79E /* Scanner.swift */ = {isa = PBXFileReference; fileEncoding = 4; lastKnownFileType = sourcecode.swift; path = Scanner.swift; sourceTree = "<group>"; };
		477BFB931F3C660800A3D79E /* Parser.frame */ = {isa = PBXFileReference; lastKnownFileType = text; path = Parser.frame; sourceTree = "<group>"; };
		477BFB941F3C6E6B00A3D79E /* Parser.swift */ = {isa = PBXFileReference; fileEncoding = 4; lastKnownFileType = sourcecode.swift; path = Parser.swift; sourceTree = "<group>"; };
/* End PBXFileReference section */

/* Begin PBXFrameworksBuildPhase section */
		2FBAB0C91F39E2D1005180B1 /* Frameworks */ = {
			isa = PBXFrameworksBuildPhase;
			buildActionMask = 2147483647;
			files = (
			);
			runOnlyForDeploymentPostprocessing = 0;
		};
/* End PBXFrameworksBuildPhase section */

/* Begin PBXGroup section */
		2F81E30E1F3BA26A00FB3BBC /* Support */ = {
			isa = PBXGroup;
			children = (
				2FBAB0D61F39E2F7005180B1 /* taste.atg */,
				2F81E30F1F3BABCD00FB3BBC /* mod2.atg */,
				2F81E30C1F3B99CD00FB3BBC /* Test.TAS */,
				477BFB931F3C660800A3D79E /* Parser.frame */,
				477BFB8D1F3C643900A3D79E /* Scanner.frame */,
				477BFB8E1F3C644400A3D79E /* Copyright.frame */,
				2F81E30A1F3B99A500FB3BBC /* Taste.IN */,
			);
			name = Support;
			sourceTree = "<group>";
		};
		2FBAB0C31F39E2D1005180B1 = {
			isa = PBXGroup;
			children = (
				2FBAB0CE1F39E2D1005180B1 /* Taste */,
				2FBAB0CD1F39E2D1005180B1 /* Products */,
			);
			sourceTree = "<group>";
		};
		2FBAB0CD1F39E2D1005180B1 /* Products */ = {
			isa = PBXGroup;
			children = (
				2FBAB0CC1F39E2D1005180B1 /* Taste */,
			);
			name = Products;
			sourceTree = "<group>";
		};
		2FBAB0CE1F39E2D1005180B1 /* Taste */ = {
			isa = PBXGroup;
			children = (
				2FBAB0CF1F39E2D1005180B1 /* main.swift */,
				477BFB901F3C648900A3D79E /* Scanner.swift */,
				477BFB941F3C6E6B00A3D79E /* Parser.swift */,
				2FBAB0D71F39E42E005180B1 /* SymTab.swift */,
				2FBAB0DD1F3A05F9005180B1 /* CodeGen.swift */,
				2FBAB0E31F3A4AFD005180B1 /* String+Char.swift */,
				2F81E30E1F3BA26A00FB3BBC /* Support */,
			);
			path = Taste;
			sourceTree = "<group>";
		};
/* End PBXGroup section */

/* Begin PBXNativeTarget section */
		2FBAB0CB1F39E2D1005180B1 /* Taste */ = {
			isa = PBXNativeTarget;
			buildConfigurationList = 2FBAB0D31F39E2D1005180B1 /* Build configuration list for PBXNativeTarget "Taste" */;
			buildPhases = (
				2FBAB0C81F39E2D1005180B1 /* Sources */,
				2FBAB0C91F39E2D1005180B1 /* Frameworks */,
				2FBAB0CA1F39E2D1005180B1 /* CopyFiles */,
			);
			buildRules = (
			);
			dependencies = (
			);
			name = Taste;
			productName = Taste;
			productReference = 2FBAB0CC1F39E2D1005180B1 /* Taste */;
			productType = "com.apple.product-type.tool";
		};
/* End PBXNativeTarget section */

/* Begin PBXProject section */
		2FBAB0C41F39E2D1005180B1 /* Project object */ = {
			isa = PBXProject;
			attributes = {
				LastSwiftUpdateCheck = 0830;
				LastUpgradeCheck = 0830;
				ORGANIZATIONNAME = "Solinst Canada";
				TargetAttributes = {
					2FBAB0CB1F39E2D1005180B1 = {
						CreatedOnToolsVersion = 8.3.3;
						DevelopmentTeam = 37VFB869JC;
						ProvisioningStyle = Automatic;
					};
				};
			};
			buildConfigurationList = 2FBAB0C71F39E2D1005180B1 /* Build configuration list for PBXProject "Taste" */;
			compatibilityVersion = "Xcode 3.2";
			developmentRegion = English;
			hasScannedForEncodings = 0;
			knownRegions = (
				en,
			);
			mainGroup = 2FBAB0C31F39E2D1005180B1;
			productRefGroup = 2FBAB0CD1F39E2D1005180B1 /* Products */;
			projectDirPath = "";
			projectRoot = "";
			targets = (
				2FBAB0CB1F39E2D1005180B1 /* Taste */,
			);
		};
/* End PBXProject section */

/* Begin PBXSourcesBuildPhase section */
		2FBAB0C81F39E2D1005180B1 /* Sources */ = {
			isa = PBXSourcesBuildPhase;
			buildActionMask = 2147483647;
			files = (
				2FBAB0D01F39E2D1005180B1 /* main.swift in Sources */,
				2FBAB0DE1F3A05F9005180B1 /* CodeGen.swift in Sources */,
				477BFB951F3C6E6B00A3D79E /* Parser.swift in Sources */,
				2FBAB0E41F3A4AFD005180B1 /* String+Char.swift in Sources */,
				477BFB921F3C648900A3D79E /* Scanner.swift in Sources */,
				2FBAB0D81F39E42E005180B1 /* SymTab.swift in Sources */,
			);
			runOnlyForDeploymentPostprocessing = 0;
		};
/* End PBXSourcesBuildPhase section */

/* Begin XCBuildConfiguration section */
		2FBAB0D11F39E2D1005180B1 /* Debug */ = {
			isa = XCBuildConfiguration;
			buildSettings = {
				ALWAYS_SEARCH_USER_PATHS = NO;
				CLANG_ANALYZER_NONNULL = YES;
				CLANG_ANALYZER_NUMBER_OBJECT_CONVERSION = YES_AGGRESSIVE;
				CLANG_CXX_LANGUAGE_STANDARD = "gnu++0x";
				CLANG_CXX_LIBRARY = "libc++";
				CLANG_ENABLE_MODULES = YES;
				CLANG_ENABLE_OBJC_ARC = YES;
				CLANG_WARN_BOOL_CONVERSION = YES;
				CLANG_WARN_CONSTANT_CONVERSION = YES;
				CLANG_WARN_DIRECT_OBJC_ISA_USAGE = YES_ERROR;
				CLANG_WARN_DOCUMENTATION_COMMENTS = YES;
				CLANG_WARN_EMPTY_BODY = YES;
				CLANG_WARN_ENUM_CONVERSION = YES;
				CLANG_WARN_INFINITE_RECURSION = YES;
				CLANG_WARN_INT_CONVERSION = YES;
				CLANG_WARN_OBJC_ROOT_CLASS = YES_ERROR;
				CLANG_WARN_SUSPICIOUS_MOVE = YES;
				CLANG_WARN_UNREACHABLE_CODE = YES;
				CLANG_WARN__DUPLICATE_METHOD_MATCH = YES;
				CODE_SIGN_IDENTITY = "-";
				COPY_PHASE_STRIP = NO;
				DEBUG_INFORMATION_FORMAT = dwarf;
				ENABLE_STRICT_OBJC_MSGSEND = YES;
				ENABLE_TESTABILITY = YES;
				GCC_C_LANGUAGE_STANDARD = gnu99;
				GCC_DYNAMIC_NO_PIC = NO;
				GCC_NO_COMMON_BLOCKS = YES;
				GCC_OPTIMIZATION_LEVEL = 0;
				GCC_PREPROCESSOR_DEFINITIONS = (
					"DEBUG=1",
					"$(inherited)",
				);
				GCC_WARN_64_TO_32_BIT_CONVERSION = YES;
				GCC_WARN_ABOUT_RETURN_TYPE = YES_ERROR;
				GCC_WARN_UNDECLARED_SELECTOR = YES;
				GCC_WARN_UNINITIALIZED_AUTOS = YES_AGGRESSIVE;
				GCC_WARN_UNUSED_FUNCTION = YES;
				GCC_WARN_UNUSED_VARIABLE = YES;
				MACOSX_DEPLOYMENT_TARGET = 10.12;
				MTL_ENABLE_DEBUG_INFO = YES;
				ONLY_ACTIVE_ARCH = YES;
				SDKROOT = macosx;
				SWIFT_OPTIMIZATION_LEVEL = "-Onone";
			};
			name = Debug;
		};
		2FBAB0D21F39E2D1005180B1 /* Release */ = {
			isa = XCBuildConfiguration;
			buildSettings = {
				ALWAYS_SEARCH_USER_PATHS = NO;
				CLANG_ANALYZER_NONNULL = YES;
				CLANG_ANALYZER_NUMBER_OBJECT_CONVERSION = YES_AGGRESSIVE;
				CLANG_CXX_LANGUAGE_STANDARD = "gnu++0x";
				CLANG_CXX_LIBRARY = "libc++";
				CLANG_ENABLE_MODULES = YES;
				CLANG_ENABLE_OBJC_ARC = YES;
				CLANG_WARN_BOOL_CONVERSION = YES;
				CLANG_WARN_CONSTANT_CONVERSION = YES;
				CLANG_WARN_DIRECT_OBJC_ISA_USAGE = YES_ERROR;
				CLANG_WARN_DOCUMENTATION_COMMENTS = YES;
				CLANG_WARN_EMPTY_BODY = YES;
				CLANG_WARN_ENUM_CONVERSION = YES;
				CLANG_WARN_INFINITE_RECURSION = YES;
				CLANG_WARN_INT_CONVERSION = YES;
				CLANG_WARN_OBJC_ROOT_CLASS = YES_ERROR;
				CLANG_WARN_SUSPICIOUS_MOVE = YES;
				CLANG_WARN_UNREACHABLE_CODE = YES;
				CLANG_WARN__DUPLICATE_METHOD_MATCH = YES;
				CODE_SIGN_IDENTITY = "-";
				COPY_PHASE_STRIP = NO;
				DEBUG_INFORMATION_FORMAT = "dwarf-with-dsym";
				ENABLE_NS_ASSERTIONS = NO;
				ENABLE_STRICT_OBJC_MSGSEND = YES;
				GCC_C_LANGUAGE_STANDARD = gnu99;
				GCC_NO_COMMON_BLOCKS = YES;
				GCC_WARN_64_TO_32_BIT_CONVERSION = YES;
				GCC_WARN_ABOUT_RETURN_TYPE = YES_ERROR;
				GCC_WARN_UNDECLARED_SELECTOR = YES;
				GCC_WARN_UNINITIALIZED_AUTOS = YES_AGGRESSIVE;
				GCC_WARN_UNUSED_FUNCTION = YES;
				GCC_WARN_UNUSED_VARIABLE = YES;
				MACOSX_DEPLOYMENT_TARGET = 10.12;
				MTL_ENABLE_DEBUG_INFO = NO;
				SDKROOT = macosx;
			};
			name = Release;
		};
		2FBAB0D41F39E2D1005180B1 /* Debug */ = {
			isa = XCBuildConfiguration;
			buildSettings = {
				DEVELOPMENT_TEAM = 37VFB869JC;
				PRODUCT_NAME = "$(TARGET_NAME)";
				SWIFT_VERSION = 3.0;
			};
			name = Debug;
		};
		2FBAB0D51F39E2D1005180B1 /* Release */ = {
			isa = XCBuildConfiguration;
			buildSettings = {
				DEVELOPMENT_TEAM = 37VFB869JC;
				PRODUCT_NAME = "$(TARGET_NAME)";
				SWIFT_VERSION = 3.0;
			};
			name = Release;
		};
/* End XCBuildConfiguration section */

/* Begin XCConfigurationList section */
		2FBAB0C71F39E2D1005180B1 /* Build configuration list for PBXProject "Taste" */ = {
			isa = XCConfigurationList;
			buildConfigurations = (
				2FBAB0D11F39E2D1005180B1 /* Debug */,
				2FBAB0D21F39E2D1005180B1 /* Release */,
			);
			defaultConfigurationIsVisible = 0;
			defaultConfigurationName = Release;
		};
		2FBAB0D31F39E2D1005180B1 /* Build configuration list for PBXNativeTarget "Taste" */ = {
			isa = XCConfigurationList;
			buildConfigurations = (
				2FBAB0D41F39E2D1005180B1 /* Debug */,
				2FBAB0D51F39E2D1005180B1 /* Release */,
			);
			defaultConfigurationIsVisible = 0;
			defaultConfigurationName = Release;
		};
/* End XCConfigurationList section */
	};
	rootObject = 2FBAB0C41F39E2D1005180B1 /* Project object */;
}
